
Microsoft Visual Studio Solution File, Format Version 12.00
# Visual Studio 15
VisualStudioVersion = 15.0.27703.2042
MinimumVisualStudioVersion = 10.0.40219.1
Project("{FAE04EC0-301F-11D3-BF4B-00C04F79EFBC}") = "LabNumber2", "LabNumber2\LabNumber2.csproj", "{BFF4215E-E9A3-4AFA-8CAC-0E4A63F230E3}"
EndProject
Project("{FAE04EC0-301F-11D3-BF4B-00C04F79EFBC}") = "Bonus1", "Bonus1\Bonus1.csproj", "{EA62A6C1-ECAD-4654-8019-8FC1E7F14911}"
EndProject
Project("{FAE04EC0-301F-11D3-BF4B-00C04F79EFBC}") = "LabNumber1P1", "LabNumber1P1\LabNumber1P1.csproj", "{C4223F8C-6D67-45B3-91EA-EA636923DE33}"
EndProject
Project("{FAE04EC0-301F-11D3-BF4B-00C04F79EFBC}") = "LabNumber1P2", "LabNumber1P2\LabNumber1P2.csproj", "{30BF3076-9AA8-44C2-B7E4-018C2A12F0A0}"
EndProject
Global
	GlobalSection(SolutionConfigurationPlatforms) = preSolution
		Debug|Any CPU = Debug|Any CPU
		Release|Any CPU = Release|Any CPU
	EndGlobalSection
	GlobalSection(ProjectConfigurationPlatforms) = postSolution
		{BFF4215E-E9A3-4AFA-8CAC-0E4A63F230E3}.Debug|Any CPU.ActiveCfg = Debug|Any CPU
		{BFF4215E-E9A3-4AFA-8CAC-0E4A63F230E3}.Debug|Any CPU.Build.0 = Debug|Any CPU
		{BFF4215E-E9A3-4AFA-8CAC-0E4A63F230E3}.Release|Any CPU.ActiveCfg = Release|Any CPU
		{BFF4215E-E9A3-4AFA-8CAC-0E4A63F230E3}.Release|Any CPU.Build.0 = Release|Any CPU
		{EA62A6C1-ECAD-4654-8019-8FC1E7F14911}.Debug|Any CPU.ActiveCfg = Debug|Any CPU
		{EA62A6C1-ECAD-4654-8019-8FC1E7F14911}.Debug|Any CPU.Build.0 = Debug|Any CPU
		{EA62A6C1-ECAD-4654-8019-8FC1E7F14911}.Release|Any CPU.ActiveCfg = Release|Any CPU
		{EA62A6C1-ECAD-4654-8019-8FC1E7F14911}.Release|Any CPU.Build.0 = Release|Any CPU
		{C4223F8C-6D67-45B3-91EA-EA636923DE33}.Debug|Any CPU.ActiveCfg = Debug|Any CPU
		{C4223F8C-6D67-45B3-91EA-EA636923DE33}.Debug|Any CPU.Build.0 = Debug|Any CPU
		{C4223F8C-6D67-45B3-91EA-EA636923DE33}.Release|Any CPU.ActiveCfg = Release|Any CPU
		{C4223F8C-6D67-45B3-91EA-EA636923DE33}.Release|Any CPU.Build.0 = Release|Any CPU
		{30BF3076-9AA8-44C2-B7E4-018C2A12F0A0}.Debug|Any CPU.ActiveCfg = Debug|Any CPU
		{30BF3076-9AA8-44C2-B7E4-018C2A12F0A0}.Debug|Any CPU.Build.0 = Debug|Any CPU
		{30BF3076-9AA8-44C2-B7E4-018C2A12F0A0}.Release|Any CPU.ActiveCfg = Release|Any CPU
		{30BF3076-9AA8-44C2-B7E4-018C2A12F0A0}.Release|Any CPU.Build.0 = Release|Any CPU
	EndGlobalSection
	GlobalSection(SolutionProperties) = preSolution
		HideSolutionNode = FALSE
	EndGlobalSection
	GlobalSection(ExtensibilityGlobals) = postSolution
		SolutionGuid = {1B071D08-2F44-4AA0-A5D5-EC4C3DD16119}
	EndGlobalSection
EndGlobal
